
Microsoft Visual Studio Solution File, Format Version 12.00
# Visual Studio Version 17
VisualStudioVersion = 17.0.32014.148
MinimumVisualStudioVersion = 10.0.40219.1
Project("{888888A0-9F3D-457C-B088-3A5042F75D52}") = "While loop", "While loop\While loop.pyproj", "{F28683C6-4A42-455D-8321-301EC62C6AE7}"
EndProject
Global
	GlobalSection(SolutionConfigurationPlatforms) = preSolution
		Debug|Any CPU = Debug|Any CPU
		Release|Any CPU = Release|Any CPU
	EndGlobalSection
	GlobalSection(ProjectConfigurationPlatforms) = postSolution
		{F28683C6-4A42-455D-8321-301EC62C6AE7}.Debug|Any CPU.ActiveCfg = Debug|Any CPU
		{F28683C6-4A42-455D-8321-301EC62C6AE7}.Release|Any CPU.ActiveCfg = Release|Any CPU
	EndGlobalSection
	GlobalSection(SolutionProperties) = preSolution
		HideSolutionNode = FALSE
	EndGlobalSection
	GlobalSection(ExtensibilityGlobals) = postSolution
		SolutionGuid = {1CB06874-3F67-4CF3-B555-B461C69271F2}
	EndGlobalSection
EndGlobal
