
Microsoft Visual Studio Solution File, Format Version 12.00
# Visual Studio Version 17
VisualStudioVersion = 17.0.32014.148
MinimumVisualStudioVersion = 10.0.40219.1
Project("{888888A0-9F3D-457C-B088-3A5042F75D52}") = "Repeating Events", "Repeating Events\Repeating Events.pyproj", "{BCB5C3B9-6014-40A7-B434-14ECA2EFF26F}"
EndProject
Global
	GlobalSection(SolutionConfigurationPlatforms) = preSolution
		Debug|Any CPU = Debug|Any CPU
		Release|Any CPU = Release|Any CPU
	EndGlobalSection
	GlobalSection(ProjectConfigurationPlatforms) = postSolution
		{BCB5C3B9-6014-40A7-B434-14ECA2EFF26F}.Debug|Any CPU.ActiveCfg = Debug|Any CPU
		{BCB5C3B9-6014-40A7-B434-14ECA2EFF26F}.Release|Any CPU.ActiveCfg = Release|Any CPU
	EndGlobalSection
	GlobalSection(SolutionProperties) = preSolution
		HideSolutionNode = FALSE
	EndGlobalSection
	GlobalSection(ExtensibilityGlobals) = postSolution
		SolutionGuid = {DB8E9AAB-3196-456C-A2FC-F4354B104E4F}
	EndGlobalSection
EndGlobal
