
Microsoft Visual Studio Solution File, Format Version 12.00
# Visual Studio Version 17
VisualStudioVersion = 17.0.32014.148
MinimumVisualStudioVersion = 10.0.40219.1
Project("{888888A0-9F3D-457C-B088-3A5042F75D52}") = "Numbers", "Numbers\Numbers.pyproj", "{5301544E-03E9-4F32-A845-6DDC5446AC03}"
EndProject
Global
	GlobalSection(SolutionConfigurationPlatforms) = preSolution
		Debug|Any CPU = Debug|Any CPU
		Release|Any CPU = Release|Any CPU
	EndGlobalSection
	GlobalSection(ProjectConfigurationPlatforms) = postSolution
		{5301544E-03E9-4F32-A845-6DDC5446AC03}.Debug|Any CPU.ActiveCfg = Debug|Any CPU
		{5301544E-03E9-4F32-A845-6DDC5446AC03}.Release|Any CPU.ActiveCfg = Release|Any CPU
	EndGlobalSection
	GlobalSection(SolutionProperties) = preSolution
		HideSolutionNode = FALSE
	EndGlobalSection
	GlobalSection(ExtensibilityGlobals) = postSolution
		SolutionGuid = {C37B3B50-F80E-4687-B463-D7B063E0975B}
	EndGlobalSection
EndGlobal
