
Microsoft Visual Studio Solution File, Format Version 12.00
# Visual Studio Version 17
VisualStudioVersion = 17.0.32014.148
MinimumVisualStudioVersion = 10.0.40219.1
Project("{888888A0-9F3D-457C-B088-3A5042F75D52}") = "Challenge 3", "Challenge 3\Challenge 3.pyproj", "{1DB46B6E-67BF-454A-A643-2D41DA9CDEB0}"
EndProject
Global
	GlobalSection(SolutionConfigurationPlatforms) = preSolution
		Debug|Any CPU = Debug|Any CPU
		Release|Any CPU = Release|Any CPU
	EndGlobalSection
	GlobalSection(ProjectConfigurationPlatforms) = postSolution
		{1DB46B6E-67BF-454A-A643-2D41DA9CDEB0}.Debug|Any CPU.ActiveCfg = Debug|Any CPU
		{1DB46B6E-67BF-454A-A643-2D41DA9CDEB0}.Release|Any CPU.ActiveCfg = Release|Any CPU
	EndGlobalSection
	GlobalSection(SolutionProperties) = preSolution
		HideSolutionNode = FALSE
	EndGlobalSection
	GlobalSection(ExtensibilityGlobals) = postSolution
		SolutionGuid = {50E3343D-8807-4F18-B30F-489D2AC88013}
	EndGlobalSection
EndGlobal
