
Microsoft Visual Studio Solution File, Format Version 12.00
# Visual Studio Version 17
VisualStudioVersion = 17.0.32014.148
MinimumVisualStudioVersion = 10.0.40219.1
Project("{888888A0-9F3D-457C-B088-3A5042F75D52}") = "Challenge 10", "Challenge 10\Challenge 10.pyproj", "{B641BD03-17BD-4ECA-B78B-8CFDEBCE7663}"
EndProject
Global
	GlobalSection(SolutionConfigurationPlatforms) = preSolution
		Debug|Any CPU = Debug|Any CPU
		Release|Any CPU = Release|Any CPU
	EndGlobalSection
	GlobalSection(ProjectConfigurationPlatforms) = postSolution
		{B641BD03-17BD-4ECA-B78B-8CFDEBCE7663}.Debug|Any CPU.ActiveCfg = Debug|Any CPU
		{B641BD03-17BD-4ECA-B78B-8CFDEBCE7663}.Release|Any CPU.ActiveCfg = Release|Any CPU
	EndGlobalSection
	GlobalSection(SolutionProperties) = preSolution
		HideSolutionNode = FALSE
	EndGlobalSection
	GlobalSection(ExtensibilityGlobals) = postSolution
		SolutionGuid = {3F300E55-2AD3-4526-8B35-2DCA202F24C1}
	EndGlobalSection
EndGlobal
