
Microsoft Visual Studio Solution File, Format Version 12.00
# Visual Studio Version 17
VisualStudioVersion = 17.0.32014.148
MinimumVisualStudioVersion = 10.0.40219.1
Project("{888888A0-9F3D-457C-B088-3A5042F75D52}") = "Chalenge 6", "Chalenge 6\Chalenge 6.pyproj", "{DB97B889-EE22-4C54-ADC9-4B7A30A794E2}"
EndProject
Global
	GlobalSection(SolutionConfigurationPlatforms) = preSolution
		Debug|Any CPU = Debug|Any CPU
		Release|Any CPU = Release|Any CPU
	EndGlobalSection
	GlobalSection(ProjectConfigurationPlatforms) = postSolution
		{DB97B889-EE22-4C54-ADC9-4B7A30A794E2}.Debug|Any CPU.ActiveCfg = Debug|Any CPU
		{DB97B889-EE22-4C54-ADC9-4B7A30A794E2}.Release|Any CPU.ActiveCfg = Release|Any CPU
	EndGlobalSection
	GlobalSection(SolutionProperties) = preSolution
		HideSolutionNode = FALSE
	EndGlobalSection
	GlobalSection(ExtensibilityGlobals) = postSolution
		SolutionGuid = {67148E45-DA2C-43BC-A0D8-295D9E75FD30}
	EndGlobalSection
EndGlobal
