
Microsoft Visual Studio Solution File, Format Version 12.00
# Visual Studio Version 17
VisualStudioVersion = 17.0.32014.148
MinimumVisualStudioVersion = 10.0.40219.1
Project("{888888A0-9F3D-457C-B088-3A5042F75D52}") = "Challenge 9", "Challenge 9\Challenge 9.pyproj", "{C41E6FB1-1B6C-4559-AEFC-972EA7D0F217}"
EndProject
Global
	GlobalSection(SolutionConfigurationPlatforms) = preSolution
		Debug|Any CPU = Debug|Any CPU
		Release|Any CPU = Release|Any CPU
	EndGlobalSection
	GlobalSection(ProjectConfigurationPlatforms) = postSolution
		{C41E6FB1-1B6C-4559-AEFC-972EA7D0F217}.Debug|Any CPU.ActiveCfg = Debug|Any CPU
		{C41E6FB1-1B6C-4559-AEFC-972EA7D0F217}.Release|Any CPU.ActiveCfg = Release|Any CPU
	EndGlobalSection
	GlobalSection(SolutionProperties) = preSolution
		HideSolutionNode = FALSE
	EndGlobalSection
	GlobalSection(ExtensibilityGlobals) = postSolution
		SolutionGuid = {1C60B731-EE38-4CD6-9844-1BD1D0559511}
	EndGlobalSection
EndGlobal
