
Microsoft Visual Studio Solution File, Format Version 12.00
# Visual Studio Version 17
VisualStudioVersion = 17.0.32014.148
MinimumVisualStudioVersion = 10.0.40219.1
Project("{888888A0-9F3D-457C-B088-3A5042F75D52}") = "First codes", "First codes\First codes.pyproj", "{D1DEC94A-412A-4737-87FD-DE1D6377FF44}"
EndProject
Global
	GlobalSection(SolutionConfigurationPlatforms) = preSolution
		Debug|Any CPU = Debug|Any CPU
		Release|Any CPU = Release|Any CPU
	EndGlobalSection
	GlobalSection(ProjectConfigurationPlatforms) = postSolution
		{D1DEC94A-412A-4737-87FD-DE1D6377FF44}.Debug|Any CPU.ActiveCfg = Debug|Any CPU
		{D1DEC94A-412A-4737-87FD-DE1D6377FF44}.Release|Any CPU.ActiveCfg = Release|Any CPU
	EndGlobalSection
	GlobalSection(SolutionProperties) = preSolution
		HideSolutionNode = FALSE
	EndGlobalSection
	GlobalSection(ExtensibilityGlobals) = postSolution
		SolutionGuid = {E7DDDC25-0190-4EF9-87F0-7809CCC18223}
	EndGlobalSection
EndGlobal
